
Microsoft Visual Studio Solution File, Format Version 12.00
# Visual Studio Version 17
VisualStudioVersion = 17.1.32421.90
MinimumVisualStudioVersion = 10.0.40219.1
Project("{FAE04EC0-301F-11D3-BF4B-00C04F79EFBC}") = "Exercicio16", "Exercicio16.csproj", "{B673367A-30D0-4320-ABF2-5C3DEE284424}"
EndProject
Global
	GlobalSection(SolutionConfigurationPlatforms) = preSolution
		Debug|Any CPU = Debug|Any CPU
		Release|Any CPU = Release|Any CPU
	EndGlobalSection
	GlobalSection(ProjectConfigurationPlatforms) = postSolution
		{B673367A-30D0-4320-ABF2-5C3DEE284424}.Debug|Any CPU.ActiveCfg = Debug|Any CPU
		{B673367A-30D0-4320-ABF2-5C3DEE284424}.Debug|Any CPU.Build.0 = Debug|Any CPU
		{B673367A-30D0-4320-ABF2-5C3DEE284424}.Release|Any CPU.ActiveCfg = Release|Any CPU
		{B673367A-30D0-4320-ABF2-5C3DEE284424}.Release|Any CPU.Build.0 = Release|Any CPU
	EndGlobalSection
	GlobalSection(SolutionProperties) = preSolution
		HideSolutionNode = FALSE
	EndGlobalSection
	GlobalSection(ExtensibilityGlobals) = postSolution
		SolutionGuid = {46BF71A8-9B88-4A9E-86DA-A7C3D10B8739}
	EndGlobalSection
EndGlobal
