
Microsoft Visual Studio Solution File, Format Version 12.00
# Visual Studio Version 17
VisualStudioVersion = 17.1.32421.90
MinimumVisualStudioVersion = 10.0.40219.1
Project("{FAE04EC0-301F-11D3-BF4B-00C04F79EFBC}") = "Exercicio18", "Exercicio18.csproj", "{8CB8880B-5F38-49BB-B7D6-808AC8F64AEF}"
EndProject
Global
	GlobalSection(SolutionConfigurationPlatforms) = preSolution
		Debug|Any CPU = Debug|Any CPU
		Release|Any CPU = Release|Any CPU
	EndGlobalSection
	GlobalSection(ProjectConfigurationPlatforms) = postSolution
		{8CB8880B-5F38-49BB-B7D6-808AC8F64AEF}.Debug|Any CPU.ActiveCfg = Debug|Any CPU
		{8CB8880B-5F38-49BB-B7D6-808AC8F64AEF}.Debug|Any CPU.Build.0 = Debug|Any CPU
		{8CB8880B-5F38-49BB-B7D6-808AC8F64AEF}.Release|Any CPU.ActiveCfg = Release|Any CPU
		{8CB8880B-5F38-49BB-B7D6-808AC8F64AEF}.Release|Any CPU.Build.0 = Release|Any CPU
	EndGlobalSection
	GlobalSection(SolutionProperties) = preSolution
		HideSolutionNode = FALSE
	EndGlobalSection
	GlobalSection(ExtensibilityGlobals) = postSolution
		SolutionGuid = {5D344C52-4872-4500-B1AD-30E247B0664A}
	EndGlobalSection
EndGlobal
