
Microsoft Visual Studio Solution File, Format Version 12.00
# Visual Studio Version 17
VisualStudioVersion = 17.1.32421.90
MinimumVisualStudioVersion = 10.0.40219.1
Project("{FAE04EC0-301F-11D3-BF4B-00C04F79EFBC}") = "Exercicio3", "Exercicio3.csproj", "{6E8AAECB-15D8-4151-93FE-EF3C172C98F3}"
EndProject
Global
	GlobalSection(SolutionConfigurationPlatforms) = preSolution
		Debug|Any CPU = Debug|Any CPU
		Release|Any CPU = Release|Any CPU
	EndGlobalSection
	GlobalSection(ProjectConfigurationPlatforms) = postSolution
		{6E8AAECB-15D8-4151-93FE-EF3C172C98F3}.Debug|Any CPU.ActiveCfg = Debug|Any CPU
		{6E8AAECB-15D8-4151-93FE-EF3C172C98F3}.Debug|Any CPU.Build.0 = Debug|Any CPU
		{6E8AAECB-15D8-4151-93FE-EF3C172C98F3}.Release|Any CPU.ActiveCfg = Release|Any CPU
		{6E8AAECB-15D8-4151-93FE-EF3C172C98F3}.Release|Any CPU.Build.0 = Release|Any CPU
	EndGlobalSection
	GlobalSection(SolutionProperties) = preSolution
		HideSolutionNode = FALSE
	EndGlobalSection
	GlobalSection(ExtensibilityGlobals) = postSolution
		SolutionGuid = {6B1DF05C-5597-4D76-826E-66FF40E38582}
	EndGlobalSection
EndGlobal
