
Microsoft Visual Studio Solution File, Format Version 12.00
# Visual Studio Version 17
VisualStudioVersion = 17.1.32421.90
MinimumVisualStudioVersion = 10.0.40219.1
Project("{FAE04EC0-301F-11D3-BF4B-00C04F79EFBC}") = "Exercicio15", "Exercicio15.csproj", "{52985D3E-FD98-4E9A-8052-6846AC2ED222}"
EndProject
Global
	GlobalSection(SolutionConfigurationPlatforms) = preSolution
		Debug|Any CPU = Debug|Any CPU
		Release|Any CPU = Release|Any CPU
	EndGlobalSection
	GlobalSection(ProjectConfigurationPlatforms) = postSolution
		{52985D3E-FD98-4E9A-8052-6846AC2ED222}.Debug|Any CPU.ActiveCfg = Debug|Any CPU
		{52985D3E-FD98-4E9A-8052-6846AC2ED222}.Debug|Any CPU.Build.0 = Debug|Any CPU
		{52985D3E-FD98-4E9A-8052-6846AC2ED222}.Release|Any CPU.ActiveCfg = Release|Any CPU
		{52985D3E-FD98-4E9A-8052-6846AC2ED222}.Release|Any CPU.Build.0 = Release|Any CPU
	EndGlobalSection
	GlobalSection(SolutionProperties) = preSolution
		HideSolutionNode = FALSE
	EndGlobalSection
	GlobalSection(ExtensibilityGlobals) = postSolution
		SolutionGuid = {65747BD9-C8AD-4FF4-95D8-5805B43856D2}
	EndGlobalSection
EndGlobal
