
Microsoft Visual Studio Solution File, Format Version 12.00
# Visual Studio Version 17
VisualStudioVersion = 17.1.32421.90
MinimumVisualStudioVersion = 10.0.40219.1
Project("{FAE04EC0-301F-11D3-BF4B-00C04F79EFBC}") = "Exercicio3", "Exercicio3.csproj", "{832424C8-8D28-4188-A3A6-616D56D4713B}"
EndProject
Global
	GlobalSection(SolutionConfigurationPlatforms) = preSolution
		Debug|Any CPU = Debug|Any CPU
		Release|Any CPU = Release|Any CPU
	EndGlobalSection
	GlobalSection(ProjectConfigurationPlatforms) = postSolution
		{832424C8-8D28-4188-A3A6-616D56D4713B}.Debug|Any CPU.ActiveCfg = Debug|Any CPU
		{832424C8-8D28-4188-A3A6-616D56D4713B}.Debug|Any CPU.Build.0 = Debug|Any CPU
		{832424C8-8D28-4188-A3A6-616D56D4713B}.Release|Any CPU.ActiveCfg = Release|Any CPU
		{832424C8-8D28-4188-A3A6-616D56D4713B}.Release|Any CPU.Build.0 = Release|Any CPU
	EndGlobalSection
	GlobalSection(SolutionProperties) = preSolution
		HideSolutionNode = FALSE
	EndGlobalSection
	GlobalSection(ExtensibilityGlobals) = postSolution
		SolutionGuid = {13EF1A94-7666-4E90-89F0-F193BADC408C}
	EndGlobalSection
EndGlobal
