
Microsoft Visual Studio Solution File, Format Version 12.00
# Visual Studio Version 17
VisualStudioVersion = 17.1.32421.90
MinimumVisualStudioVersion = 10.0.40219.1
Project("{FAE04EC0-301F-11D3-BF4B-00C04F79EFBC}") = "Exercicio1", "Exercicio1.csproj", "{3DEE400A-D78E-4857-A63B-E749BB13D35C}"
EndProject
Global
	GlobalSection(SolutionConfigurationPlatforms) = preSolution
		Debug|Any CPU = Debug|Any CPU
		Release|Any CPU = Release|Any CPU
	EndGlobalSection
	GlobalSection(ProjectConfigurationPlatforms) = postSolution
		{3DEE400A-D78E-4857-A63B-E749BB13D35C}.Debug|Any CPU.ActiveCfg = Debug|Any CPU
		{3DEE400A-D78E-4857-A63B-E749BB13D35C}.Debug|Any CPU.Build.0 = Debug|Any CPU
		{3DEE400A-D78E-4857-A63B-E749BB13D35C}.Release|Any CPU.ActiveCfg = Release|Any CPU
		{3DEE400A-D78E-4857-A63B-E749BB13D35C}.Release|Any CPU.Build.0 = Release|Any CPU
	EndGlobalSection
	GlobalSection(SolutionProperties) = preSolution
		HideSolutionNode = FALSE
	EndGlobalSection
	GlobalSection(ExtensibilityGlobals) = postSolution
		SolutionGuid = {D117A560-F240-4E24-BFCE-39F3E6AF668E}
	EndGlobalSection
EndGlobal
