
Microsoft Visual Studio Solution File, Format Version 12.00
# Visual Studio Version 17
VisualStudioVersion = 17.1.32421.90
MinimumVisualStudioVersion = 10.0.40219.1
Project("{FAE04EC0-301F-11D3-BF4B-00C04F79EFBC}") = "Exercicio 5", "Exercicio 5.csproj", "{C05B6D37-3E6D-44AE-9467-8591694840FB}"
EndProject
Global
	GlobalSection(SolutionConfigurationPlatforms) = preSolution
		Debug|Any CPU = Debug|Any CPU
		Release|Any CPU = Release|Any CPU
	EndGlobalSection
	GlobalSection(ProjectConfigurationPlatforms) = postSolution
		{C05B6D37-3E6D-44AE-9467-8591694840FB}.Debug|Any CPU.ActiveCfg = Debug|Any CPU
		{C05B6D37-3E6D-44AE-9467-8591694840FB}.Debug|Any CPU.Build.0 = Debug|Any CPU
		{C05B6D37-3E6D-44AE-9467-8591694840FB}.Release|Any CPU.ActiveCfg = Release|Any CPU
		{C05B6D37-3E6D-44AE-9467-8591694840FB}.Release|Any CPU.Build.0 = Release|Any CPU
	EndGlobalSection
	GlobalSection(SolutionProperties) = preSolution
		HideSolutionNode = FALSE
	EndGlobalSection
	GlobalSection(ExtensibilityGlobals) = postSolution
		SolutionGuid = {5982DF89-1171-4A15-B0F6-C2D9E22A3AF6}
	EndGlobalSection
EndGlobal
