
Microsoft Visual Studio Solution File, Format Version 12.00
# Visual Studio Version 17
VisualStudioVersion = 17.1.32421.90
MinimumVisualStudioVersion = 10.0.40219.1
Project("{FAE04EC0-301F-11D3-BF4B-00C04F79EFBC}") = "FinalProject", "FinalProject.csproj", "{9825259A-2057-4CB3-9030-D3426A219BB3}"
EndProject
Global
	GlobalSection(SolutionConfigurationPlatforms) = preSolution
		Debug|Any CPU = Debug|Any CPU
		Release|Any CPU = Release|Any CPU
	EndGlobalSection
	GlobalSection(ProjectConfigurationPlatforms) = postSolution
		{9825259A-2057-4CB3-9030-D3426A219BB3}.Debug|Any CPU.ActiveCfg = Debug|Any CPU
		{9825259A-2057-4CB3-9030-D3426A219BB3}.Debug|Any CPU.Build.0 = Debug|Any CPU
		{9825259A-2057-4CB3-9030-D3426A219BB3}.Release|Any CPU.ActiveCfg = Release|Any CPU
		{9825259A-2057-4CB3-9030-D3426A219BB3}.Release|Any CPU.Build.0 = Release|Any CPU
	EndGlobalSection
	GlobalSection(SolutionProperties) = preSolution
		HideSolutionNode = FALSE
	EndGlobalSection
	GlobalSection(ExtensibilityGlobals) = postSolution
		SolutionGuid = {74143C0D-EF3C-44B8-8596-590958087B63}
	EndGlobalSection
EndGlobal
