
Microsoft Visual Studio Solution File, Format Version 12.00
# Visual Studio Version 17
VisualStudioVersion = 17.1.32421.90
MinimumVisualStudioVersion = 10.0.40219.1
Project("{FAE04EC0-301F-11D3-BF4B-00C04F79EFBC}") = "Exercicio17", "Exercicio17.csproj", "{7145B603-23F4-455A-B3EF-D6BD68EDAAD6}"
EndProject
Global
	GlobalSection(SolutionConfigurationPlatforms) = preSolution
		Debug|Any CPU = Debug|Any CPU
		Release|Any CPU = Release|Any CPU
	EndGlobalSection
	GlobalSection(ProjectConfigurationPlatforms) = postSolution
		{7145B603-23F4-455A-B3EF-D6BD68EDAAD6}.Debug|Any CPU.ActiveCfg = Debug|Any CPU
		{7145B603-23F4-455A-B3EF-D6BD68EDAAD6}.Debug|Any CPU.Build.0 = Debug|Any CPU
		{7145B603-23F4-455A-B3EF-D6BD68EDAAD6}.Release|Any CPU.ActiveCfg = Release|Any CPU
		{7145B603-23F4-455A-B3EF-D6BD68EDAAD6}.Release|Any CPU.Build.0 = Release|Any CPU
	EndGlobalSection
	GlobalSection(SolutionProperties) = preSolution
		HideSolutionNode = FALSE
	EndGlobalSection
	GlobalSection(ExtensibilityGlobals) = postSolution
		SolutionGuid = {8C38EEF4-26DB-4C12-BE9F-FC1829E98775}
	EndGlobalSection
EndGlobal
