
Microsoft Visual Studio Solution File, Format Version 12.00
# Visual Studio Version 17
VisualStudioVersion = 17.1.32421.90
MinimumVisualStudioVersion = 10.0.40219.1
Project("{FAE04EC0-301F-11D3-BF4B-00C04F79EFBC}") = "Exercicio6", "Exercicio6.csproj", "{119BA471-1D16-4E49-A53A-223016639738}"
EndProject
Global
	GlobalSection(SolutionConfigurationPlatforms) = preSolution
		Debug|Any CPU = Debug|Any CPU
		Release|Any CPU = Release|Any CPU
	EndGlobalSection
	GlobalSection(ProjectConfigurationPlatforms) = postSolution
		{119BA471-1D16-4E49-A53A-223016639738}.Debug|Any CPU.ActiveCfg = Debug|Any CPU
		{119BA471-1D16-4E49-A53A-223016639738}.Debug|Any CPU.Build.0 = Debug|Any CPU
		{119BA471-1D16-4E49-A53A-223016639738}.Release|Any CPU.ActiveCfg = Release|Any CPU
		{119BA471-1D16-4E49-A53A-223016639738}.Release|Any CPU.Build.0 = Release|Any CPU
	EndGlobalSection
	GlobalSection(SolutionProperties) = preSolution
		HideSolutionNode = FALSE
	EndGlobalSection
	GlobalSection(ExtensibilityGlobals) = postSolution
		SolutionGuid = {571679B9-602A-49C7-B1A0-D98951CB45EF}
	EndGlobalSection
EndGlobal
